{
  "name": "ctxtrim",
<<<<<<< HEAD
  "version": "0.1.16",
=======
  "version": "0.1.15",
>>>>>>> origin/main
  "lockfileVersion": 3,
  "requires": true,
  "packages": {
    "": {
      "name": "ctxtrim",
<<<<<<< HEAD
      "version": "0.1.16",
=======
      "version": "0.1.15",
>>>>>>> origin/main
      "license": "MIT",
      "bin": {
        "ctxtrim": "bin/ctxtrim.js"
      },
      "engines": {
        "node": ">=18"
      }
    }
  }
}
