{
  "name": "ctxtrim",
  "version": "0.1.7",
  "lockfileVersion": 3,
  "requires": true,
  "packages": {
    "": {
      "name": "ctxtrim",
      "version": "0.1.7",
      "license": "MIT",
      "bin": {
        "ctxtrim": "bin/ctxtrim.js"
      },
      "engines": {
        "node": ">=18"
      }
    }
  }
}
